github.com/descope/virtualwebauthn v1.0.2 h1:cAvfS9wHh6On9HAE4Gjn3fJkf8MPQW2LzN8BPKEPs0M=
github.com/descope/virtualwebauthn v1.0.2/go.mod h1:iJvinjD1iZYqQ09J5lF0+795OdDbzTWcYQjPD/BF54M=
github.com/fxamacker/cbor/v2 v2.2.0/go.mod h1:TA1xS00nchWmaBnEIxPSE5oHLuJBAVvqrtAnWBwBCVo=
github.com/fxamacker/cbor/v2 v2.6.0 h1:sU6J2usfADwWlYDAFhZBQ6TnLFBHxgesMrQfQgk1tWA=
github.com/fxamacker/cbor/v2 v2.6.0/go.mod h1:pxXPTn3joSm21Gbwsv0w9OSA2y1HFR9qXEeXQVeNoDQ=
github.com/fxamacker/webauthn v0.6.1 h1:Vh5Kfuul05zCffJN8PGk1aqeTIw14syrorcwDMeVlN0=
github.com/fxamacker/webauthn v0.6.1/go.mod h1:dOZK7yO04AnMvkmC+HLP6YO32doyu+fRPQlY0wD4Lb0=
github.com/google/uuid v1.6.0 h1:NIvaJDMOsjHA8n1jAhLSgzrAzy1Hgr+hNrb57e+94F0=
github.com/google/uuid v1.6.0/go.mod h1:TIyPZe4MgqvfeYDBFedMoGGpEw/LqOeaOT+nhxU+yHo=
github.com/x448/float16 v0.8.4 h1:qLwI1I70+NjRFUR3zs1JPUCgaCXSh3SW62uAKT1mSBM=
github.com/x448/float16 v0.8.4/go.mod h1:14CWIYCyZA/cWjXOioeEpHeN/83MdbZDRQHoFcYsOfg=
